// !$*UTF8*$!
{
	archiveVersion = 1;
	classes = {
	};
	objectVersion = 56;
	objects = {

/* Begin PBXBuildFile section */
		5265A6602BE520FD009FA3D8 /* ThreadsTutorialsApp.swift in Sources */ = {isa = PBXBuildFile; fileRef = 5265A65F2BE520FD009FA3D8 /* ThreadsTutorialsApp.swift */; };
		5265A6622BE520FD009FA3D8 /* ContentView.swift in Sources */ = {isa = PBXBuildFile; fileRef = 5265A6612BE520FD009FA3D8 /* ContentView.swift */; };
		5265A6642BE520FF009FA3D8 /* Assets.xcassets in Resources */ = {isa = PBXBuildFile; fileRef = 5265A6632BE520FF009FA3D8 /* Assets.xcassets */; };
		5265A6672BE520FF009FA3D8 /* Preview Assets.xcassets in Resources */ = {isa = PBXBuildFile; fileRef = 5265A6662BE520FF009FA3D8 /* Preview Assets.xcassets */; };
		5265A6712BE520FF009FA3D8 /* ThreadsTutorialsTests.swift in Sources */ = {isa = PBXBuildFile; fileRef = 5265A6702BE520FF009FA3D8 /* ThreadsTutorialsTests.swift */; };
		5265A67B2BE520FF009FA3D8 /* ThreadsTutorialsUITests.swift in Sources */ = {isa = PBXBuildFile; fileRef = 5265A67A2BE520FF009FA3D8 /* ThreadsTutorialsUITests.swift */; };
		5265A67D2BE520FF009FA3D8 /* ThreadsTutorialsUITestsLaunchTests.swift in Sources */ = {isa = PBXBuildFile; fileRef = 5265A67C2BE520FF009FA3D8 /* ThreadsTutorialsUITestsLaunchTests.swift */; };
		5265A6932BE52347009FA3D8 /* LoginView.swift in Sources */ = {isa = PBXBuildFile; fileRef = 5265A6922BE52347009FA3D8 /* LoginView.swift */; };
		5265A6952BE5D690009FA3D8 /* RegistrationView.swift in Sources */ = {isa = PBXBuildFile; fileRef = 5265A6942BE5D690009FA3D8 /* RegistrationView.swift */; };
		5265A69A2BE5DB6F009FA3D8 /* ThreadsTextFieldModifier.swift in Sources */ = {isa = PBXBuildFile; fileRef = 5265A6992BE5DB6F009FA3D8 /* ThreadsTextFieldModifier.swift */; };
		5265A69C2BE5DC8B009FA3D8 /* ThreadsButtonModifier.swift in Sources */ = {isa = PBXBuildFile; fileRef = 5265A69B2BE5DC8B009FA3D8 /* ThreadsButtonModifier.swift */; };
		5265A69F2BE5DF02009FA3D8 /* ThreadsTabView.swift in Sources */ = {isa = PBXBuildFile; fileRef = 5265A69E2BE5DF02009FA3D8 /* ThreadsTabView.swift */; };
		5265A6A22BE5E263009FA3D8 /* FeedView.swift in Sources */ = {isa = PBXBuildFile; fileRef = 5265A6A12BE5E263009FA3D8 /* FeedView.swift */; };
		5265A6A72BE5E2ED009FA3D8 /* ExploreView.swift in Sources */ = {isa = PBXBuildFile; fileRef = 5265A6A62BE5E2ED009FA3D8 /* ExploreView.swift */; };
		5265A6AB2BE5E322009FA3D8 /* UploadThreadView.swift in Sources */ = {isa = PBXBuildFile; fileRef = 5265A6AA2BE5E322009FA3D8 /* UploadThreadView.swift */; };
		5265A6AF2BE5E34E009FA3D8 /* ActivityView.swift in Sources */ = {isa = PBXBuildFile; fileRef = 5265A6AE2BE5E34E009FA3D8 /* ActivityView.swift */; };
		5265A6B32BE5E36C009FA3D8 /* ProfileView.swift in Sources */ = {isa = PBXBuildFile; fileRef = 5265A6B22BE5E36C009FA3D8 /* ProfileView.swift */; };
		5265A6B62BE5E5DA009FA3D8 /* FeedCellView.swift in Sources */ = {isa = PBXBuildFile; fileRef = 5265A6B52BE5E5DA009FA3D8 /* FeedCellView.swift */; };
		5265A6B92BE5F084009FA3D8 /* CircularProfileImageView.swift in Sources */ = {isa = PBXBuildFile; fileRef = 5265A6B82BE5F084009FA3D8 /* CircularProfileImageView.swift */; };
		5265A6BB2BE5F19A009FA3D8 /* UserCell.swift in Sources */ = {isa = PBXBuildFile; fileRef = 5265A6BA2BE5F19A009FA3D8 /* UserCell.swift */; };
		5265A6BE2BE6210C009FA3D8 /* ProfileThreadFilter.swift in Sources */ = {isa = PBXBuildFile; fileRef = 5265A6BD2BE6210C009FA3D8 /* ProfileThreadFilter.swift */; };
		5265A6C22BE62901009FA3D8 /* EditProfileIView.swift in Sources */ = {isa = PBXBuildFile; fileRef = 5265A6C12BE62901009FA3D8 /* EditProfileIView.swift */; };
/* End PBXBuildFile section */

/* Begin PBXContainerItemProxy section */
		5265A66D2BE520FF009FA3D8 /* PBXContainerItemProxy */ = {
			isa = PBXContainerItemProxy;
			containerPortal = 5265A6542BE520FD009FA3D8 /* Project object */;
			proxyType = 1;
			remoteGlobalIDString = 5265A65B2BE520FD009FA3D8;
			remoteInfo = ThreadsTutorials;
		};
		5265A6772BE520FF009FA3D8 /* PBXContainerItemProxy */ = {
			isa = PBXContainerItemProxy;
			containerPortal = 5265A6542BE520FD009FA3D8 /* Project object */;
			proxyType = 1;
			remoteGlobalIDString = 5265A65B2BE520FD009FA3D8;
			remoteInfo = ThreadsTutorials;
		};
/* End PBXContainerItemProxy section */

/* Begin PBXFileReference section */
		5265A65C2BE520FD009FA3D8 /* ThreadsTutorials.app */ = {isa = PBXFileReference; explicitFileType = wrapper.application; includeInIndex = 0; path = ThreadsTutorials.app; sourceTree = BUILT_PRODUCTS_DIR; };
		5265A65F2BE520FD009FA3D8 /* ThreadsTutorialsApp.swift */ = {isa = PBXFileReference; lastKnownFileType = sourcecode.swift; path = ThreadsTutorialsApp.swift; sourceTree = "<group>"; };
		5265A6612BE520FD009FA3D8 /* ContentView.swift */ = {isa = PBXFileReference; lastKnownFileType = sourcecode.swift; path = ContentView.swift; sourceTree = "<group>"; };
		5265A6632BE520FF009FA3D8 /* Assets.xcassets */ = {isa = PBXFileReference; lastKnownFileType = folder.assetcatalog; path = Assets.xcassets; sourceTree = "<group>"; };
		5265A6662BE520FF009FA3D8 /* Preview Assets.xcassets */ = {isa = PBXFileReference; lastKnownFileType = folder.assetcatalog; path = "Preview Assets.xcassets"; sourceTree = "<group>"; };
		5265A66C2BE520FF009FA3D8 /* ThreadsTutorialsTests.xctest */ = {isa = PBXFileReference; explicitFileType = wrapper.cfbundle; includeInIndex = 0; path = ThreadsTutorialsTests.xctest; sourceTree = BUILT_PRODUCTS_DIR; };
		5265A6702BE520FF009FA3D8 /* ThreadsTutorialsTests.swift */ = {isa = PBXFileReference; lastKnownFileType = sourcecode.swift; path = ThreadsTutorialsTests.swift; sourceTree = "<group>"; };
		5265A6762BE520FF009FA3D8 /* ThreadsTutorialsUITests.xctest */ = {isa = PBXFileReference; explicitFileType = wrapper.cfbundle; includeInIndex = 0; path = ThreadsTutorialsUITests.xctest; sourceTree = BUILT_PRODUCTS_DIR; };
		5265A67A2BE520FF009FA3D8 /* ThreadsTutorialsUITests.swift */ = {isa = PBXFileReference; lastKnownFileType = sourcecode.swift; path = ThreadsTutorialsUITests.swift; sourceTree = "<group>"; };
		5265A67C2BE520FF009FA3D8 /* ThreadsTutorialsUITestsLaunchTests.swift */ = {isa = PBXFileReference; lastKnownFileType = sourcecode.swift; path = ThreadsTutorialsUITestsLaunchTests.swift; sourceTree = "<group>"; };
		5265A6922BE52347009FA3D8 /* LoginView.swift */ = {isa = PBXFileReference; lastKnownFileType = sourcecode.swift; path = LoginView.swift; sourceTree = "<group>"; };
		5265A6942BE5D690009FA3D8 /* RegistrationView.swift */ = {isa = PBXFileReference; lastKnownFileType = sourcecode.swift; path = RegistrationView.swift; sourceTree = "<group>"; };
		5265A6992BE5DB6F009FA3D8 /* ThreadsTextFieldModifier.swift */ = {isa = PBXFileReference; lastKnownFileType = sourcecode.swift; path = ThreadsTextFieldModifier.swift; sourceTree = "<group>"; };
		5265A69B2BE5DC8B009FA3D8 /* ThreadsButtonModifier.swift */ = {isa = PBXFileReference; lastKnownFileType = sourcecode.swift; path = ThreadsButtonModifier.swift; sourceTree = "<group>"; };
		5265A69E2BE5DF02009FA3D8 /* ThreadsTabView.swift */ = {isa = PBXFileReference; lastKnownFileType = sourcecode.swift; path = ThreadsTabView.swift; sourceTree = "<group>"; };
		5265A6A12BE5E263009FA3D8 /* FeedView.swift */ = {isa = PBXFileReference; lastKnownFileType = sourcecode.swift; path = FeedView.swift; sourceTree = "<group>"; };
		5265A6A62BE5E2ED009FA3D8 /* ExploreView.swift */ = {isa = PBXFileReference; lastKnownFileType = sourcecode.swift; path = ExploreView.swift; sourceTree = "<group>"; };
		5265A6AA2BE5E322009FA3D8 /* UploadThreadView.swift */ = {isa = PBXFileReference; lastKnownFileType = sourcecode.swift; path = UploadThreadView.swift; sourceTree = "<group>"; };
		5265A6AE2BE5E34E009FA3D8 /* ActivityView.swift */ = {isa = PBXFileReference; lastKnownFileType = sourcecode.swift; path = ActivityView.swift; sourceTree = "<group>"; };
		5265A6B22BE5E36C009FA3D8 /* ProfileView.swift */ = {isa = PBXFileReference; lastKnownFileType = sourcecode.swift; path = ProfileView.swift; sourceTree = "<group>"; };
		5265A6B52BE5E5DA009FA3D8 /* FeedCellView.swift */ = {isa = PBXFileReference; lastKnownFileType = sourcecode.swift; path = FeedCellView.swift; sourceTree = "<group>"; };
		5265A6B82BE5F084009FA3D8 /* CircularProfileImageView.swift */ = {isa = PBXFileReference; lastKnownFileType = sourcecode.swift; path = CircularProfileImageView.swift; sourceTree = "<group>"; };
		5265A6BA2BE5F19A009FA3D8 /* UserCell.swift */ = {isa = PBXFileReference; lastKnownFileType = sourcecode.swift; path = UserCell.swift; sourceTree = "<group>"; };
		5265A6BD2BE6210C009FA3D8 /* ProfileThreadFilter.swift */ = {isa = PBXFileReference; lastKnownFileType = sourcecode.swift; path = ProfileThreadFilter.swift; sourceTree = "<group>"; };
		5265A6C12BE62901009FA3D8 /* EditProfileIView.swift */ = {isa = PBXFileReference; lastKnownFileType = sourcecode.swift; path = EditProfileIView.swift; sourceTree = "<group>"; };
/* End PBXFileReference section */

/* Begin PBXFrameworksBuildPhase section */
		5265A6592BE520FD009FA3D8 /* Frameworks */ = {
			isa = PBXFrameworksBuildPhase;
			buildActionMask = 2147483647;
			files = (
			);
			runOnlyForDeploymentPostprocessing = 0;
		};
		5265A6692BE520FF009FA3D8 /* Frameworks */ = {
			isa = PBXFrameworksBuildPhase;
			buildActionMask = 2147483647;
			files = (
			);
			runOnlyForDeploymentPostprocessing = 0;
		};
		5265A6732BE520FF009FA3D8 /* Frameworks */ = {
			isa = PBXFrameworksBuildPhase;
			buildActionMask = 2147483647;
			files = (
			);
			runOnlyForDeploymentPostprocessing = 0;
		};
/* End PBXFrameworksBuildPhase section */

/* Begin PBXGroup section */
		5265A6532BE520FD009FA3D8 = {
			isa = PBXGroup;
			children = (
				5265A65E2BE520FD009FA3D8 /* ThreadsTutorials */,
				5265A66F2BE520FF009FA3D8 /* ThreadsTutorialsTests */,
				5265A6792BE520FF009FA3D8 /* ThreadsTutorialsUITests */,
				5265A65D2BE520FD009FA3D8 /* Products */,
			);
			sourceTree = "<group>";
		};
		5265A65D2BE520FD009FA3D8 /* Products */ = {
			isa = PBXGroup;
			children = (
				5265A65C2BE520FD009FA3D8 /* ThreadsTutorials.app */,
				5265A66C2BE520FF009FA3D8 /* ThreadsTutorialsTests.xctest */,
				5265A6762BE520FF009FA3D8 /* ThreadsTutorialsUITests.xctest */,
			);
			name = Products;
			sourceTree = "<group>";
		};
		5265A65E2BE520FD009FA3D8 /* ThreadsTutorials */ = {
			isa = PBXGroup;
			children = (
				5265A68E2BE5212E009FA3D8 /* App */,
				5265A68D2BE5212B009FA3D8 /* Core */,
				5265A68C2BE52129009FA3D8 /* Extensions */,
				5265A68B2BE52126009FA3D8 /* Model */,
				5265A68A2BE52120009FA3D8 /* Services */,
				5265A6892BE5211B009FA3D8 /* Utils */,
				5265A6632BE520FF009FA3D8 /* Assets.xcassets */,
				5265A6652BE520FF009FA3D8 /* Preview Content */,
			);
			path = ThreadsTutorials;
			sourceTree = "<group>";
		};
		5265A6652BE520FF009FA3D8 /* Preview Content */ = {
			isa = PBXGroup;
			children = (
				5265A6662BE520FF009FA3D8 /* Preview Assets.xcassets */,
			);
			path = "Preview Content";
			sourceTree = "<group>";
		};
		5265A66F2BE520FF009FA3D8 /* ThreadsTutorialsTests */ = {
			isa = PBXGroup;
			children = (
				5265A6702BE520FF009FA3D8 /* ThreadsTutorialsTests.swift */,
			);
			path = ThreadsTutorialsTests;
			sourceTree = "<group>";
		};
		5265A6792BE520FF009FA3D8 /* ThreadsTutorialsUITests */ = {
			isa = PBXGroup;
			children = (
				5265A67A2BE520FF009FA3D8 /* ThreadsTutorialsUITests.swift */,
				5265A67C2BE520FF009FA3D8 /* ThreadsTutorialsUITestsLaunchTests.swift */,
			);
			path = ThreadsTutorialsUITests;
			sourceTree = "<group>";
		};
		5265A6892BE5211B009FA3D8 /* Utils */ = {
			isa = PBXGroup;
			children = (
				5265A6982BE5DB3A009FA3D8 /* ViewModifier */,
			);
			path = Utils;
			sourceTree = "<group>";
		};
		5265A68A2BE52120009FA3D8 /* Services */ = {
			isa = PBXGroup;
			children = (
			);
			path = Services;
			sourceTree = "<group>";
		};
		5265A68B2BE52126009FA3D8 /* Model */ = {
			isa = PBXGroup;
			children = (
			);
			path = Model;
			sourceTree = "<group>";
		};
		5265A68C2BE52129009FA3D8 /* Extensions */ = {
			isa = PBXGroup;
			children = (
			);
			path = Extensions;
			sourceTree = "<group>";
		};
		5265A68D2BE5212B009FA3D8 /* Core */ = {
			isa = PBXGroup;
			children = (
				5265A6B72BE5F047009FA3D8 /* Components */,
				5265A6B02BE5E35C009FA3D8 /* Profile */,
				5265A6AC2BE5E33A009FA3D8 /* Activity */,
				5265A6A82BE5E30C009FA3D8 /* UploadThread */,
				5265A6A42BE5E2DA009FA3D8 /* Explore */,
				5265A6A32BE5E28E009FA3D8 /* Feed */,
				5265A69D2BE5DEDE009FA3D8 /* TabBar */,
				5265A6902BE5230B009FA3D8 /* Root */,
				5265A68F2BE522F5009FA3D8 /* Authentication */,
			);
			path = Core;
			sourceTree = "<group>";
		};
		5265A68E2BE5212E009FA3D8 /* App */ = {
			isa = PBXGroup;
			children = (
				5265A65F2BE520FD009FA3D8 /* ThreadsTutorialsApp.swift */,
			);
			path = App;
			sourceTree = "<group>";
		};
		5265A68F2BE522F5009FA3D8 /* Authentication */ = {
			isa = PBXGroup;
			children = (
				5265A6912BE52333009FA3D8 /* View */,
			);
			path = Authentication;
			sourceTree = "<group>";
		};
		5265A6902BE5230B009FA3D8 /* Root */ = {
			isa = PBXGroup;
			children = (
				5265A6612BE520FD009FA3D8 /* ContentView.swift */,
			);
			path = Root;
			sourceTree = "<group>";
		};
		5265A6912BE52333009FA3D8 /* View */ = {
			isa = PBXGroup;
			children = (
				5265A6922BE52347009FA3D8 /* LoginView.swift */,
				5265A6942BE5D690009FA3D8 /* RegistrationView.swift */,
			);
			path = View;
			sourceTree = "<group>";
		};
		5265A6982BE5DB3A009FA3D8 /* ViewModifier */ = {
			isa = PBXGroup;
			children = (
				5265A6992BE5DB6F009FA3D8 /* ThreadsTextFieldModifier.swift */,
				5265A69B2BE5DC8B009FA3D8 /* ThreadsButtonModifier.swift */,
			);
			path = ViewModifier;
			sourceTree = "<group>";
		};
		5265A69D2BE5DEDE009FA3D8 /* TabBar */ = {
			isa = PBXGroup;
			children = (
				5265A69E2BE5DF02009FA3D8 /* ThreadsTabView.swift */,
			);
			path = TabBar;
			sourceTree = "<group>";
		};
		5265A6A02BE5E254009FA3D8 /* View */ = {
			isa = PBXGroup;
			children = (
				5265A6B42BE5E5BA009FA3D8 /* Cell */,
				5265A6A12BE5E263009FA3D8 /* FeedView.swift */,
			);
			path = View;
			sourceTree = "<group>";
		};
		5265A6A32BE5E28E009FA3D8 /* Feed */ = {
			isa = PBXGroup;
			children = (
				5265A6A02BE5E254009FA3D8 /* View */,
			);
			path = Feed;
			sourceTree = "<group>";
		};
		5265A6A42BE5E2DA009FA3D8 /* Explore */ = {
			isa = PBXGroup;
			children = (
				5265A6A52BE5E2DE009FA3D8 /* View */,
			);
			path = Explore;
			sourceTree = "<group>";
		};
		5265A6A52BE5E2DE009FA3D8 /* View */ = {
			isa = PBXGroup;
			children = (
				5265A6A62BE5E2ED009FA3D8 /* ExploreView.swift */,
			);
			path = View;
			sourceTree = "<group>";
		};
		5265A6A82BE5E30C009FA3D8 /* UploadThread */ = {
			isa = PBXGroup;
			children = (
				5265A6A92BE5E312009FA3D8 /* View */,
			);
			path = UploadThread;
			sourceTree = "<group>";
		};
		5265A6A92BE5E312009FA3D8 /* View */ = {
			isa = PBXGroup;
			children = (
				5265A6AA2BE5E322009FA3D8 /* UploadThreadView.swift */,
			);
			path = View;
			sourceTree = "<group>";
		};
		5265A6AC2BE5E33A009FA3D8 /* Activity */ = {
			isa = PBXGroup;
			children = (
				5265A6AD2BE5E344009FA3D8 /* View */,
			);
			path = Activity;
			sourceTree = "<group>";
		};
		5265A6AD2BE5E344009FA3D8 /* View */ = {
			isa = PBXGroup;
			children = (
				5265A6AE2BE5E34E009FA3D8 /* ActivityView.swift */,
			);
			path = View;
			sourceTree = "<group>";
		};
		5265A6B02BE5E35C009FA3D8 /* Profile */ = {
			isa = PBXGroup;
			children = (
				5265A6BF2BE628D9009FA3D8 /* EditProfile */,
				5265A6BC2BE620F0009FA3D8 /* Model */,
				5265A6B12BE5E362009FA3D8 /* View */,
			);
			path = Profile;
			sourceTree = "<group>";
		};
		5265A6B12BE5E362009FA3D8 /* View */ = {
			isa = PBXGroup;
			children = (
				5265A6B22BE5E36C009FA3D8 /* ProfileView.swift */,
			);
			path = View;
			sourceTree = "<group>";
		};
		5265A6B42BE5E5BA009FA3D8 /* Cell */ = {
			isa = PBXGroup;
			children = (
				5265A6B52BE5E5DA009FA3D8 /* FeedCellView.swift */,
			);
			path = Cell;
			sourceTree = "<group>";
		};
		5265A6B72BE5F047009FA3D8 /* Components */ = {
			isa = PBXGroup;
			children = (
				5265A6B82BE5F084009FA3D8 /* CircularProfileImageView.swift */,
				5265A6BA2BE5F19A009FA3D8 /* UserCell.swift */,
			);
			path = Components;
			sourceTree = "<group>";
		};
		5265A6BC2BE620F0009FA3D8 /* Model */ = {
			isa = PBXGroup;
			children = (
				5265A6BD2BE6210C009FA3D8 /* ProfileThreadFilter.swift */,
			);
			path = Model;
			sourceTree = "<group>";
		};
		5265A6BF2BE628D9009FA3D8 /* EditProfile */ = {
			isa = PBXGroup;
			children = (
				5265A6C02BE628EE009FA3D8 /* View */,
			);
			path = EditProfile;
			sourceTree = "<group>";
		};
		5265A6C02BE628EE009FA3D8 /* View */ = {
			isa = PBXGroup;
			children = (
				5265A6C12BE62901009FA3D8 /* EditProfileIView.swift */,
			);
			path = View;
			sourceTree = "<group>";
		};
/* End PBXGroup section */

/* Begin PBXNativeTarget section */
		5265A65B2BE520FD009FA3D8 /* ThreadsTutorials */ = {
			isa = PBXNativeTarget;
			buildConfigurationList = 5265A6802BE520FF009FA3D8 /* Build configuration list for PBXNativeTarget "ThreadsTutorials" */;
			buildPhases = (
				5265A6582BE520FD009FA3D8 /* Sources */,
				5265A6592BE520FD009FA3D8 /* Frameworks */,
				5265A65A2BE520FD009FA3D8 /* Resources */,
			);
			buildRules = (
			);
			dependencies = (
			);
			name = ThreadsTutorials;
			productName = ThreadsTutorials;
			productReference = 5265A65C2BE520FD009FA3D8 /* ThreadsTutorials.app */;
			productType = "com.apple.product-type.application";
		};
		5265A66B2BE520FF009FA3D8 /* ThreadsTutorialsTests */ = {
			isa = PBXNativeTarget;
			buildConfigurationList = 5265A6832BE520FF009FA3D8 /* Build configuration list for PBXNativeTarget "ThreadsTutorialsTests" */;
			buildPhases = (
				5265A6682BE520FF009FA3D8 /* Sources */,
				5265A6692BE520FF009FA3D8 /* Frameworks */,
				5265A66A2BE520FF009FA3D8 /* Resources */,
			);
			buildRules = (
			);
			dependencies = (
				5265A66E2BE520FF009FA3D8 /* PBXTargetDependency */,
			);
			name = ThreadsTutorialsTests;
			productName = ThreadsTutorialsTests;
			productReference = 5265A66C2BE520FF009FA3D8 /* ThreadsTutorialsTests.xctest */;
			productType = "com.apple.product-type.bundle.unit-test";
		};
		5265A6752BE520FF009FA3D8 /* ThreadsTutorialsUITests */ = {
			isa = PBXNativeTarget;
			buildConfigurationList = 5265A6862BE520FF009FA3D8 /* Build configuration list for PBXNativeTarget "ThreadsTutorialsUITests" */;
			buildPhases = (
				5265A6722BE520FF009FA3D8 /* Sources */,
				5265A6732BE520FF009FA3D8 /* Frameworks */,
				5265A6742BE520FF009FA3D8 /* Resources */,
			);
			buildRules = (
			);
			dependencies = (
				5265A6782BE520FF009FA3D8 /* PBXTargetDependency */,
			);
			name = ThreadsTutorialsUITests;
			productName = ThreadsTutorialsUITests;
			productReference = 5265A6762BE520FF009FA3D8 /* ThreadsTutorialsUITests.xctest */;
			productType = "com.apple.product-type.bundle.ui-testing";
		};
/* End PBXNativeTarget section */

/* Begin PBXProject section */
		5265A6542BE520FD009FA3D8 /* Project object */ = {
			isa = PBXProject;
			attributes = {
				BuildIndependentTargetsInParallel = 1;
				LastSwiftUpdateCheck = 1500;
				LastUpgradeCheck = 1500;
				TargetAttributes = {
					5265A65B2BE520FD009FA3D8 = {
						CreatedOnToolsVersion = 15.0;
					};
					5265A66B2BE520FF009FA3D8 = {
						CreatedOnToolsVersion = 15.0;
						TestTargetID = 5265A65B2BE520FD009FA3D8;
					};
					5265A6752BE520FF009FA3D8 = {
						CreatedOnToolsVersion = 15.0;
						TestTargetID = 5265A65B2BE520FD009FA3D8;
					};
				};
			};
			buildConfigurationList = 5265A6572BE520FD009FA3D8 /* Build configuration list for PBXProject "ThreadsTutorials" */;
			compatibilityVersion = "Xcode 14.0";
			developmentRegion = en;
			hasScannedForEncodings = 0;
			knownRegions = (
				en,
				Base,
			);
			mainGroup = 5265A6532BE520FD009FA3D8;
			productRefGroup = 5265A65D2BE520FD009FA3D8 /* Products */;
			projectDirPath = "";
			projectRoot = "";
			targets = (
				5265A65B2BE520FD009FA3D8 /* ThreadsTutorials */,
				5265A66B2BE520FF009FA3D8 /* ThreadsTutorialsTests */,
				5265A6752BE520FF009FA3D8 /* ThreadsTutorialsUITests */,
			);
		};
/* End PBXProject section */

/* Begin PBXResourcesBuildPhase section */
		5265A65A2BE520FD009FA3D8 /* Resources */ = {
			isa = PBXResourcesBuildPhase;
			buildActionMask = 2147483647;
			files = (
				5265A6672BE520FF009FA3D8 /* Preview Assets.xcassets in Resources */,
				5265A6642BE520FF009FA3D8 /* Assets.xcassets in Resources */,
			);
			runOnlyForDeploymentPostprocessing = 0;
		};
		5265A66A2BE520FF009FA3D8 /* Resources */ = {
			isa = PBXResourcesBuildPhase;
			buildActionMask = 2147483647;
			files = (
			);
			runOnlyForDeploymentPostprocessing = 0;
		};
		5265A6742BE520FF009FA3D8 /* Resources */ = {
			isa = PBXResourcesBuildPhase;
			buildActionMask = 2147483647;
			files = (
			);
			runOnlyForDeploymentPostprocessing = 0;
		};
/* End PBXResourcesBuildPhase section */

/* Begin PBXSourcesBuildPhase section */
		5265A6582BE520FD009FA3D8 /* Sources */ = {
			isa = PBXSourcesBuildPhase;
			buildActionMask = 2147483647;
			files = (
				5265A6AF2BE5E34E009FA3D8 /* ActivityView.swift in Sources */,
				5265A6A22BE5E263009FA3D8 /* FeedView.swift in Sources */,
				5265A6AB2BE5E322009FA3D8 /* UploadThreadView.swift in Sources */,
				5265A6BE2BE6210C009FA3D8 /* ProfileThreadFilter.swift in Sources */,
				5265A6C22BE62901009FA3D8 /* EditProfileIView.swift in Sources */,
				5265A6A72BE5E2ED009FA3D8 /* ExploreView.swift in Sources */,
				5265A6B32BE5E36C009FA3D8 /* ProfileView.swift in Sources */,
				5265A6B62BE5E5DA009FA3D8 /* FeedCellView.swift in Sources */,
				5265A69C2BE5DC8B009FA3D8 /* ThreadsButtonModifier.swift in Sources */,
				5265A6B92BE5F084009FA3D8 /* CircularProfileImageView.swift in Sources */,
				5265A6BB2BE5F19A009FA3D8 /* UserCell.swift in Sources */,
				5265A69F2BE5DF02009FA3D8 /* ThreadsTabView.swift in Sources */,
				5265A6932BE52347009FA3D8 /* LoginView.swift in Sources */,
				5265A6622BE520FD009FA3D8 /* ContentView.swift in Sources */,
				5265A69A2BE5DB6F009FA3D8 /* ThreadsTextFieldModifier.swift in Sources */,
				5265A6602BE520FD009FA3D8 /* ThreadsTutorialsApp.swift in Sources */,
				5265A6952BE5D690009FA3D8 /* RegistrationView.swift in Sources */,
			);
			runOnlyForDeploymentPostprocessing = 0;
		};
		5265A6682BE520FF009FA3D8 /* Sources */ = {
			isa = PBXSourcesBuildPhase;
			buildActionMask = 2147483647;
			files = (
				5265A6712BE520FF009FA3D8 /* ThreadsTutorialsTests.swift in Sources */,
			);
			runOnlyForDeploymentPostprocessing = 0;
		};
		5265A6722BE520FF009FA3D8 /* Sources */ = {
			isa = PBXSourcesBuildPhase;
			buildActionMask = 2147483647;
			files = (
				5265A67D2BE520FF009FA3D8 /* ThreadsTutorialsUITestsLaunchTests.swift in Sources */,
				5265A67B2BE520FF009FA3D8 /* ThreadsTutorialsUITests.swift in Sources */,
			);
			runOnlyForDeploymentPostprocessing = 0;
		};
/* End PBXSourcesBuildPhase section */

/* Begin PBXTargetDependency section */
		5265A66E2BE520FF009FA3D8 /* PBXTargetDependency */ = {
			isa = PBXTargetDependency;
			target = 5265A65B2BE520FD009FA3D8 /* ThreadsTutorials */;
			targetProxy = 5265A66D2BE520FF009FA3D8 /* PBXContainerItemProxy */;
		};
		5265A6782BE520FF009FA3D8 /* PBXTargetDependency */ = {
			isa = PBXTargetDependency;
			target = 5265A65B2BE520FD009FA3D8 /* ThreadsTutorials */;
			targetProxy = 5265A6772BE520FF009FA3D8 /* PBXContainerItemProxy */;
		};
/* End PBXTargetDependency section */

/* Begin XCBuildConfiguration section */
		5265A67E2BE520FF009FA3D8 /* Debug */ = {
			isa = XCBuildConfiguration;
			buildSettings = {
				ALWAYS_SEARCH_USER_PATHS = NO;
				ASSETCATALOG_COMPILER_GENERATE_SWIFT_ASSET_SYMBOL_EXTENSIONS = YES;
				CLANG_ANALYZER_NONNULL = YES;
				CLANG_ANALYZER_NUMBER_OBJECT_CONVERSION = YES_AGGRESSIVE;
				CLANG_CXX_LANGUAGE_STANDARD = "gnu++20";
				CLANG_ENABLE_MODULES = YES;
				CLANG_ENABLE_OBJC_ARC = YES;
				CLANG_ENABLE_OBJC_WEAK = YES;
				CLANG_WARN_BLOCK_CAPTURE_AUTORELEASING = YES;
				CLANG_WARN_BOOL_CONVERSION = YES;
				CLANG_WARN_COMMA = YES;
				CLANG_WARN_CONSTANT_CONVERSION = YES;
				CLANG_WARN_DEPRECATED_OBJC_IMPLEMENTATIONS = YES;
				CLANG_WARN_DIRECT_OBJC_ISA_USAGE = YES_ERROR;
				CLANG_WARN_DOCUMENTATION_COMMENTS = YES;
				CLANG_WARN_EMPTY_BODY = YES;
				CLANG_WARN_ENUM_CONVERSION = YES;
				CLANG_WARN_INFINITE_RECURSION = YES;
				CLANG_WARN_INT_CONVERSION = YES;
				CLANG_WARN_NON_LITERAL_NULL_CONVERSION = YES;
				CLANG_WARN_OBJC_IMPLICIT_RETAIN_SELF = YES;
				CLANG_WARN_OBJC_LITERAL_CONVERSION = YES;
				CLANG_WARN_OBJC_ROOT_CLASS = YES_ERROR;
				CLANG_WARN_QUOTED_INCLUDE_IN_FRAMEWORK_HEADER = YES;
				CLANG_WARN_RANGE_LOOP_ANALYSIS = YES;
				CLANG_WARN_STRICT_PROTOTYPES = YES;
				CLANG_WARN_SUSPICIOUS_MOVE = YES;
				CLANG_WARN_UNGUARDED_AVAILABILITY = YES_AGGRESSIVE;
				CLANG_WARN_UNREACHABLE_CODE = YES;
				CLANG_WARN__DUPLICATE_METHOD_MATCH = YES;
				COPY_PHASE_STRIP = NO;
				DEBUG_INFORMATION_FORMAT = dwarf;
				ENABLE_STRICT_OBJC_MSGSEND = YES;
				ENABLE_TESTABILITY = YES;
				ENABLE_USER_SCRIPT_SANDBOXING = YES;
				GCC_C_LANGUAGE_STANDARD = gnu17;
				GCC_DYNAMIC_NO_PIC = NO;
				GCC_NO_COMMON_BLOCKS = YES;
				GCC_OPTIMIZATION_LEVEL = 0;
				GCC_PREPROCESSOR_DEFINITIONS = (
					"DEBUG=1",
					"$(inherited)",
				);
				GCC_WARN_64_TO_32_BIT_CONVERSION = YES;
				GCC_WARN_ABOUT_RETURN_TYPE = YES_ERROR;
				GCC_WARN_UNDECLARED_SELECTOR = YES;
				GCC_WARN_UNINITIALIZED_AUTOS = YES_AGGRESSIVE;
				GCC_WARN_UNUSED_FUNCTION = YES;
				GCC_WARN_UNUSED_VARIABLE = YES;
				IPHONEOS_DEPLOYMENT_TARGET = 17.0;
				LOCALIZATION_PREFERS_STRING_CATALOGS = YES;
				MTL_ENABLE_DEBUG_INFO = INCLUDE_SOURCE;
				MTL_FAST_MATH = YES;
				ONLY_ACTIVE_ARCH = YES;
				SDKROOT = iphoneos;
				SWIFT_ACTIVE_COMPILATION_CONDITIONS = "DEBUG $(inherited)";
				SWIFT_OPTIMIZATION_LEVEL = "-Onone";
			};
			name = Debug;
		};
		5265A67F2BE520FF009FA3D8 /* Release */ = {
			isa = XCBuildConfiguration;
			buildSettings = {
				ALWAYS_SEARCH_USER_PATHS = NO;
				ASSETCATALOG_COMPILER_GENERATE_SWIFT_ASSET_SYMBOL_EXTENSIONS = YES;
				CLANG_ANALYZER_NONNULL = YES;
				CLANG_ANALYZER_NUMBER_OBJECT_CONVERSION = YES_AGGRESSIVE;
				CLANG_CXX_LANGUAGE_STANDARD = "gnu++20";
				CLANG_ENABLE_MODULES = YES;
				CLANG_ENABLE_OBJC_ARC = YES;
				CLANG_ENABLE_OBJC_WEAK = YES;
				CLANG_WARN_BLOCK_CAPTURE_AUTORELEASING = YES;
				CLANG_WARN_BOOL_CONVERSION = YES;
				CLANG_WARN_COMMA = YES;
				CLANG_WARN_CONSTANT_CONVERSION = YES;
				CLANG_WARN_DEPRECATED_OBJC_IMPLEMENTATIONS = YES;
				CLANG_WARN_DIRECT_OBJC_ISA_USAGE = YES_ERROR;
				CLANG_WARN_DOCUMENTATION_COMMENTS = YES;
				CLANG_WARN_EMPTY_BODY = YES;
				CLANG_WARN_ENUM_CONVERSION = YES;
				CLANG_WARN_INFINITE_RECURSION = YES;
				CLANG_WARN_INT_CONVERSION = YES;
				CLANG_WARN_NON_LITERAL_NULL_CONVERSION = YES;
				CLANG_WARN_OBJC_IMPLICIT_RETAIN_SELF = YES;
				CLANG_WARN_OBJC_LITERAL_CONVERSION = YES;
				CLANG_WARN_OBJC_ROOT_CLASS = YES_ERROR;
				CLANG_WARN_QUOTED_INCLUDE_IN_FRAMEWORK_HEADER = YES;
				CLANG_WARN_RANGE_LOOP_ANALYSIS = YES;
				CLANG_WARN_STRICT_PROTOTYPES = YES;
				CLANG_WARN_SUSPICIOUS_MOVE = YES;
				CLANG_WARN_UNGUARDED_AVAILABILITY = YES_AGGRESSIVE;
				CLANG_WARN_UNREACHABLE_CODE = YES;
				CLANG_WARN__DUPLICATE_METHOD_MATCH = YES;
				COPY_PHASE_STRIP = NO;
				DEBUG_INFORMATION_FORMAT = "dwarf-with-dsym";
				ENABLE_NS_ASSERTIONS = NO;
				ENABLE_STRICT_OBJC_MSGSEND = YES;
				ENABLE_USER_SCRIPT_SANDBOXING = YES;
				GCC_C_LANGUAGE_STANDARD = gnu17;
				GCC_NO_COMMON_BLOCKS = YES;
				GCC_WARN_64_TO_32_BIT_CONVERSION = YES;
				GCC_WARN_ABOUT_RETURN_TYPE = YES_ERROR;
				GCC_WARN_UNDECLARED_SELECTOR = YES;
				GCC_WARN_UNINITIALIZED_AUTOS = YES_AGGRESSIVE;
				GCC_WARN_UNUSED_FUNCTION = YES;
				GCC_WARN_UNUSED_VARIABLE = YES;
				IPHONEOS_DEPLOYMENT_TARGET = 17.0;
				LOCALIZATION_PREFERS_STRING_CATALOGS = YES;
				MTL_ENABLE_DEBUG_INFO = NO;
				MTL_FAST_MATH = YES;
				SDKROOT = iphoneos;
				SWIFT_COMPILATION_MODE = wholemodule;
				VALIDATE_PRODUCT = YES;
			};
			name = Release;
		};
		5265A6812BE520FF009FA3D8 /* Debug */ = {
			isa = XCBuildConfiguration;
			buildSettings = {
				ASSETCATALOG_COMPILER_APPICON_NAME = AppIcon;
				ASSETCATALOG_COMPILER_GLOBAL_ACCENT_COLOR_NAME = AccentColor;
				CODE_SIGN_STYLE = Automatic;
				CURRENT_PROJECT_VERSION = 1;
				DEVELOPMENT_ASSET_PATHS = "\"ThreadsTutorials/Preview Content\"";
				DEVELOPMENT_TEAM = 63VU5R29DW;
				ENABLE_PREVIEWS = YES;
				GENERATE_INFOPLIST_FILE = YES;
				INFOPLIST_KEY_UIApplicationSceneManifest_Generation = YES;
				INFOPLIST_KEY_UIApplicationSupportsIndirectInputEvents = YES;
				INFOPLIST_KEY_UILaunchScreen_Generation = YES;
				INFOPLIST_KEY_UISupportedInterfaceOrientations_iPad = "UIInterfaceOrientationPortrait UIInterfaceOrientationPortraitUpsideDown UIInterfaceOrientationLandscapeLeft UIInterfaceOrientationLandscapeRight";
				INFOPLIST_KEY_UISupportedInterfaceOrientations_iPhone = "UIInterfaceOrientationPortrait UIInterfaceOrientationLandscapeLeft UIInterfaceOrientationLandscapeRight";
				LD_RUNPATH_SEARCH_PATHS = (
					"$(inherited)",
					"@executable_path/Frameworks",
				);
				MARKETING_VERSION = 1.0;
				PRODUCT_BUNDLE_IDENTIFIER = devphong.ThreadsTutorials;
				PRODUCT_NAME = "$(TARGET_NAME)";
				SWIFT_EMIT_LOC_STRINGS = YES;
				SWIFT_VERSION = 5.0;
				TARGETED_DEVICE_FAMILY = "1,2";
			};
			name = Debug;
		};
		5265A6822BE520FF009FA3D8 /* Release */ = {
			isa = XCBuildConfiguration;
			buildSettings = {
				ASSETCATALOG_COMPILER_APPICON_NAME = AppIcon;
				ASSETCATALOG_COMPILER_GLOBAL_ACCENT_COLOR_NAME = AccentColor;
				CODE_SIGN_STYLE = Automatic;
				CURRENT_PROJECT_VERSION = 1;
				DEVELOPMENT_ASSET_PATHS = "\"ThreadsTutorials/Preview Content\"";
				DEVELOPMENT_TEAM = 63VU5R29DW;
				ENABLE_PREVIEWS = YES;
				GENERATE_INFOPLIST_FILE = YES;
				INFOPLIST_KEY_UIApplicationSceneManifest_Generation = YES;
				INFOPLIST_KEY_UIApplicationSupportsIndirectInputEvents = YES;
				INFOPLIST_KEY_UILaunchScreen_Generation = YES;
				INFOPLIST_KEY_UISupportedInterfaceOrientations_iPad = "UIInterfaceOrientationPortrait UIInterfaceOrientationPortraitUpsideDown UIInterfaceOrientationLandscapeLeft UIInterfaceOrientationLandscapeRight";
				INFOPLIST_KEY_UISupportedInterfaceOrientations_iPhone = "UIInterfaceOrientationPortrait UIInterfaceOrientationLandscapeLeft UIInterfaceOrientationLandscapeRight";
				LD_RUNPATH_SEARCH_PATHS = (
					"$(inherited)",
					"@executable_path/Frameworks",
				);
				MARKETING_VERSION = 1.0;
				PRODUCT_BUNDLE_IDENTIFIER = devphong.ThreadsTutorials;
				PRODUCT_NAME = "$(TARGET_NAME)";
				SWIFT_EMIT_LOC_STRINGS = YES;
				SWIFT_VERSION = 5.0;
				TARGETED_DEVICE_FAMILY = "1,2";
			};
			name = Release;
		};
		5265A6842BE520FF009FA3D8 /* Debug */ = {
			isa = XCBuildConfiguration;
			buildSettings = {
				ALWAYS_EMBED_SWIFT_STANDARD_LIBRARIES = YES;
				BUNDLE_LOADER = "$(TEST_HOST)";
				CODE_SIGN_STYLE = Automatic;
				CURRENT_PROJECT_VERSION = 1;
				DEVELOPMENT_TEAM = 63VU5R29DW;
				GENERATE_INFOPLIST_FILE = YES;
				IPHONEOS_DEPLOYMENT_TARGET = 17.0;
				MARKETING_VERSION = 1.0;
				PRODUCT_BUNDLE_IDENTIFIER = devphong.ThreadsTutorialsTests;
				PRODUCT_NAME = "$(TARGET_NAME)";
				SWIFT_EMIT_LOC_STRINGS = NO;
				SWIFT_VERSION = 5.0;
				TARGETED_DEVICE_FAMILY = "1,2";
				TEST_HOST = "$(BUILT_PRODUCTS_DIR)/ThreadsTutorials.app/$(BUNDLE_EXECUTABLE_FOLDER_PATH)/ThreadsTutorials";
			};
			name = Debug;
		};
		5265A6852BE520FF009FA3D8 /* Release */ = {
			isa = XCBuildConfiguration;
			buildSettings = {
				ALWAYS_EMBED_SWIFT_STANDARD_LIBRARIES = YES;
				BUNDLE_LOADER = "$(TEST_HOST)";
				CODE_SIGN_STYLE = Automatic;
				CURRENT_PROJECT_VERSION = 1;
				DEVELOPMENT_TEAM = 63VU5R29DW;
				GENERATE_INFOPLIST_FILE = YES;
				IPHONEOS_DEPLOYMENT_TARGET = 17.0;
				MARKETING_VERSION = 1.0;
				PRODUCT_BUNDLE_IDENTIFIER = devphong.ThreadsTutorialsTests;
				PRODUCT_NAME = "$(TARGET_NAME)";
				SWIFT_EMIT_LOC_STRINGS = NO;
				SWIFT_VERSION = 5.0;
				TARGETED_DEVICE_FAMILY = "1,2";
				TEST_HOST = "$(BUILT_PRODUCTS_DIR)/ThreadsTutorials.app/$(BUNDLE_EXECUTABLE_FOLDER_PATH)/ThreadsTutorials";
			};
			name = Release;
		};
		5265A6872BE520FF009FA3D8 /* Debug */ = {
			isa = XCBuildConfiguration;
			buildSettings = {
				ALWAYS_EMBED_SWIFT_STANDARD_LIBRARIES = YES;
				CODE_SIGN_STYLE = Automatic;
				CURRENT_PROJECT_VERSION = 1;
				DEVELOPMENT_TEAM = 63VU5R29DW;
				GENERATE_INFOPLIST_FILE = YES;
				MARKETING_VERSION = 1.0;
				PRODUCT_BUNDLE_IDENTIFIER = devphong.ThreadsTutorialsUITests;
				PRODUCT_NAME = "$(TARGET_NAME)";
				SWIFT_EMIT_LOC_STRINGS = NO;
				SWIFT_VERSION = 5.0;
				TARGETED_DEVICE_FAMILY = "1,2";
				TEST_TARGET_NAME = ThreadsTutorials;
			};
			name = Debug;
		};
		5265A6882BE520FF009FA3D8 /* Release */ = {
			isa = XCBuildConfiguration;
			buildSettings = {
				ALWAYS_EMBED_SWIFT_STANDARD_LIBRARIES = YES;
				CODE_SIGN_STYLE = Automatic;
				CURRENT_PROJECT_VERSION = 1;
				DEVELOPMENT_TEAM = 63VU5R29DW;
				GENERATE_INFOPLIST_FILE = YES;
				MARKETING_VERSION = 1.0;
				PRODUCT_BUNDLE_IDENTIFIER = devphong.ThreadsTutorialsUITests;
				PRODUCT_NAME = "$(TARGET_NAME)";
				SWIFT_EMIT_LOC_STRINGS = NO;
				SWIFT_VERSION = 5.0;
				TARGETED_DEVICE_FAMILY = "1,2";
				TEST_TARGET_NAME = ThreadsTutorials;
			};
			name = Release;
		};
/* End XCBuildConfiguration section */

/* Begin XCConfigurationList section */
		5265A6572BE520FD009FA3D8 /* Build configuration list for PBXProject "ThreadsTutorials" */ = {
			isa = XCConfigurationList;
			buildConfigurations = (
				5265A67E2BE520FF009FA3D8 /* Debug */,
				5265A67F2BE520FF009FA3D8 /* Release */,
			);
			defaultConfigurationIsVisible = 0;
			defaultConfigurationName = Release;
		};
		5265A6802BE520FF009FA3D8 /* Build configuration list for PBXNativeTarget "ThreadsTutorials" */ = {
			isa = XCConfigurationList;
			buildConfigurations = (
				5265A6812BE520FF009FA3D8 /* Debug */,
				5265A6822BE520FF009FA3D8 /* Release */,
			);
			defaultConfigurationIsVisible = 0;
			defaultConfigurationName = Release;
		};
		5265A6832BE520FF009FA3D8 /* Build configuration list for PBXNativeTarget "ThreadsTutorialsTests" */ = {
			isa = XCConfigurationList;
			buildConfigurations = (
				5265A6842BE520FF009FA3D8 /* Debug */,
				5265A6852BE520FF009FA3D8 /* Release */,
			);
			defaultConfigurationIsVisible = 0;
			defaultConfigurationName = Release;
		};
		5265A6862BE520FF009FA3D8 /* Build configuration list for PBXNativeTarget "ThreadsTutorialsUITests" */ = {
			isa = XCConfigurationList;
			buildConfigurations = (
				5265A6872BE520FF009FA3D8 /* Debug */,
				5265A6882BE520FF009FA3D8 /* Release */,
			);
			defaultConfigurationIsVisible = 0;
			defaultConfigurationName = Release;
		};
/* End XCConfigurationList section */
	};
	rootObject = 5265A6542BE520FD009FA3D8 /* Project object */;
}
